# This file was autogenerated by uv via the following command:
#    uv pip compile requirements.txt -o requirements.txt.lock
annotated-types==0.7.0
    # via
    #   -r requirements.txt
    #   pydantic
anyio==4.11.0
    # via
    #   -r requirements.txt
    #   httpx
    #   starlette
certifi==2025.10.5
    # via
    #   -r requirements.txt
    #   httpcore
    #   httpx
click==8.3.0
    # via
    #   -r requirements.txt
    #   uvicorn
fastapi==0.118.2
    # via -r requirements.txt
h11==0.16.0
    # via
    #   -r requirements.txt
    #   httpcore
    #   uvicorn
httpcore==1.0.9
    # via
    #   -r requirements.txt
    #   httpx
httpx==0.28.1
    # via -r requirements.txt
idna==3.10
    # via
    #   -r requirements.txt
    #   anyio
    #   httpx
pydantic==2.12.0
    # via
    #   -r requirements.txt
    #   fastapi
pydantic-core==2.41.1
    # via
    #   -r requirements.txt
    #   pydantic
python-dotenv==1.1.1
    # via -r requirements.txt
sniffio==1.3.1
    # via
    #   -r requirements.txt
    #   anyio
starlette==0.48.0
    # via
    #   -r requirements.txt
    #   fastapi
typing-extensions==4.15.0
    # via
    #   -r requirements.txt
    #   anyio
    #   fastapi
    #   pydantic
    #   pydantic-core
    #   starlette
    #   typing-inspection
typing-inspection==0.4.2
    # via
    #   -r requirements.txt
    #   pydantic
uvicorn==0.37.0
    # via -r requirements.txt
